{
  "name": "burebista",
  "lockfileVersion": 3,
  "requires": true,
  "packages": {
    "": {
      "name": "burebista",
      "workspaces": [
        "packages/*"
      ]
    },
    "node_modules/burebista": {
      "resolved": "packages/burebista",
      "link": true
    },
    "node_modules/burebista-core": {
      "resolved": "packages/burebista-core",
      "link": true
    },
    "packages/burebista": {
      "version": "0.0.1",
      "license": "MIT",
      "devDependencies": {}
    },
    "packages/burebista-core": {
      "version": "0.0.1",
      "license": "MIT",
      "devDependencies": {}
    }
  }
}
